// !$*UTF8*$!
{
	archiveVersion = 1;
	classes = {
	};
	objectVersion = 50;
	objects = {

/* Begin PBXBuildFile section */
		F216714A22B4D5AD00611892 /* AppDelegate.swift in Sources */ = {isa = PBXBuildFile; fileRef = F216714922B4D5AD00611892 /* AppDelegate.swift */; };
		F216714C22B4D5AD00611892 /* SceneDelegate.swift in Sources */ = {isa = PBXBuildFile; fileRef = F216714B22B4D5AD00611892 /* SceneDelegate.swift */; };
		F216714E22B4D5AD00611892 /* ContentView.swift in Sources */ = {isa = PBXBuildFile; fileRef = F216714D22B4D5AD00611892 /* ContentView.swift */; };
		F216715022B4D5AF00611892 /* Assets.xcassets in Resources */ = {isa = PBXBuildFile; fileRef = F216714F22B4D5AF00611892 /* Assets.xcassets */; };
		F216715322B4D5AF00611892 /* Preview Assets.xcassets in Resources */ = {isa = PBXBuildFile; fileRef = F216715222B4D5AF00611892 /* Preview Assets.xcassets */; };
		F216715622B4D5AF00611892 /* LaunchScreen.storyboard in Resources */ = {isa = PBXBuildFile; fileRef = F216715422B4D5AF00611892 /* LaunchScreen.storyboard */; };
		F216716722B4D68200611892 /* Landmark.swift in Sources */ = {isa = PBXBuildFile; fileRef = F216716622B4D68200611892 /* Landmark.swift */; };
		F216716922B4D90D00611892 /* Data.swift in Sources */ = {isa = PBXBuildFile; fileRef = F216716822B4D90D00611892 /* Data.swift */; };
		F216717822B4DD0900611892 /* turtlerock.jpg in Resources */ = {isa = PBXBuildFile; fileRef = F216716B22B4DD0900611892 /* turtlerock.jpg */; };
		F216717922B4DD0900611892 /* hiddenlake.jpg in Resources */ = {isa = PBXBuildFile; fileRef = F216716C22B4DD0900611892 /* hiddenlake.jpg */; };
		F216717A22B4DD0900611892 /* lakemcdonald.jpg in Resources */ = {isa = PBXBuildFile; fileRef = F216716D22B4DD0900611892 /* lakemcdonald.jpg */; };
		F216717B22B4DD0900611892 /* landmarkData.json in Resources */ = {isa = PBXBuildFile; fileRef = F216716E22B4DD0900611892 /* landmarkData.json */; };
		F216717C22B4DD0900611892 /* icybay.jpg in Resources */ = {isa = PBXBuildFile; fileRef = F216716F22B4DD0900611892 /* icybay.jpg */; };
		F216717D22B4DD0900611892 /* twinlake.jpg in Resources */ = {isa = PBXBuildFile; fileRef = F216717022B4DD0900611892 /* twinlake.jpg */; };
		F216717E22B4DD0900611892 /* umbagog.jpg in Resources */ = {isa = PBXBuildFile; fileRef = F216717122B4DD0900611892 /* umbagog.jpg */; };
		F216717F22B4DD0900611892 /* rainbowlake.jpg in Resources */ = {isa = PBXBuildFile; fileRef = F216717222B4DD0900611892 /* rainbowlake.jpg */; };
		F216718022B4DD0900611892 /* chilkoottrail.jpg in Resources */ = {isa = PBXBuildFile; fileRef = F216717322B4DD0900611892 /* chilkoottrail.jpg */; };
		F216718122B4DD0900611892 /* chincoteague.jpg in Resources */ = {isa = PBXBuildFile; fileRef = F216717422B4DD0900611892 /* chincoteague.jpg */; };
		F216718222B4DD0900611892 /* silversalmoncreek.jpg in Resources */ = {isa = PBXBuildFile; fileRef = F216717522B4DD0900611892 /* silversalmoncreek.jpg */; };
		F216718322B4DD0900611892 /* yukon_charleyrivers.jpg in Resources */ = {isa = PBXBuildFile; fileRef = F216717622B4DD0900611892 /* yukon_charleyrivers.jpg */; };
		F216718422B4DD0900611892 /* stmarylake.jpg in Resources */ = {isa = PBXBuildFile; fileRef = F216717722B4DD0900611892 /* stmarylake.jpg */; };
		F2AF4EAE22B4E3E900EF238A /* LandmarkDetail.swift in Sources */ = {isa = PBXBuildFile; fileRef = F2AF4EAD22B4E3E900EF238A /* LandmarkDetail.swift */; };
		F2AF4EBC22B4E55800EF238A /* CircleImage.swift in Sources */ = {isa = PBXBuildFile; fileRef = F2AF4EBA22B4E55800EF238A /* CircleImage.swift */; };
		F2AF4EBD22B4E55800EF238A /* MapView.swift in Sources */ = {isa = PBXBuildFile; fileRef = F2AF4EBB22B4E55800EF238A /* MapView.swift */; };
/* End PBXBuildFile section */

/* Begin PBXFileReference section */
		F216714622B4D5AD00611892 /* BuildingListsAndNavigation.app */ = {isa = PBXFileReference; explicitFileType = wrapper.application; includeInIndex = 0; path = BuildingListsAndNavigation.app; sourceTree = BUILT_PRODUCTS_DIR; };
		F216714922B4D5AD00611892 /* AppDelegate.swift */ = {isa = PBXFileReference; lastKnownFileType = sourcecode.swift; path = AppDelegate.swift; sourceTree = "<group>"; };
		F216714B22B4D5AD00611892 /* SceneDelegate.swift */ = {isa = PBXFileReference; lastKnownFileType = sourcecode.swift; path = SceneDelegate.swift; sourceTree = "<group>"; };
		F216714D22B4D5AD00611892 /* ContentView.swift */ = {isa = PBXFileReference; lastKnownFileType = sourcecode.swift; path = ContentView.swift; sourceTree = "<group>"; };
		F216714F22B4D5AF00611892 /* Assets.xcassets */ = {isa = PBXFileReference; lastKnownFileType = folder.assetcatalog; path = Assets.xcassets; sourceTree = "<group>"; };
		F216715222B4D5AF00611892 /* Preview Assets.xcassets */ = {isa = PBXFileReference; lastKnownFileType = folder.assetcatalog; path = "Preview Assets.xcassets"; sourceTree = "<group>"; };
		F216715522B4D5AF00611892 /* Base */ = {isa = PBXFileReference; lastKnownFileType = file.storyboard; name = Base; path = Base.lproj/LaunchScreen.storyboard; sourceTree = "<group>"; };
		F216715722B4D5AF00611892 /* Info.plist */ = {isa = PBXFileReference; lastKnownFileType = text.plist.xml; path = Info.plist; sourceTree = "<group>"; };
		F216716622B4D68200611892 /* Landmark.swift */ = {isa = PBXFileReference; lastKnownFileType = sourcecode.swift; path = Landmark.swift; sourceTree = "<group>"; };
		F216716822B4D90D00611892 /* Data.swift */ = {isa = PBXFileReference; lastKnownFileType = sourcecode.swift; path = Data.swift; sourceTree = "<group>"; };
		F216716B22B4DD0900611892 /* turtlerock.jpg */ = {isa = PBXFileReference; lastKnownFileType = image.jpeg; path = turtlerock.jpg; sourceTree = "<group>"; };
		F216716C22B4DD0900611892 /* hiddenlake.jpg */ = {isa = PBXFileReference; lastKnownFileType = image.jpeg; path = hiddenlake.jpg; sourceTree = "<group>"; };
		F216716D22B4DD0900611892 /* lakemcdonald.jpg */ = {isa = PBXFileReference; lastKnownFileType = image.jpeg; path = lakemcdonald.jpg; sourceTree = "<group>"; };
		F216716E22B4DD0900611892 /* landmarkData.json */ = {isa = PBXFileReference; fileEncoding = 4; lastKnownFileType = text.json; path = landmarkData.json; sourceTree = "<group>"; };
		F216716F22B4DD0900611892 /* icybay.jpg */ = {isa = PBXFileReference; lastKnownFileType = image.jpeg; path = icybay.jpg; sourceTree = "<group>"; };
		F216717022B4DD0900611892 /* twinlake.jpg */ = {isa = PBXFileReference; lastKnownFileType = image.jpeg; path = twinlake.jpg; sourceTree = "<group>"; };
		F216717122B4DD0900611892 /* umbagog.jpg */ = {isa = PBXFileReference; lastKnownFileType = image.jpeg; path = umbagog.jpg; sourceTree = "<group>"; };
		F216717222B4DD0900611892 /* rainbowlake.jpg */ = {isa = PBXFileReference; lastKnownFileType = image.jpeg; path = rainbowlake.jpg; sourceTree = "<group>"; };
		F216717322B4DD0900611892 /* chilkoottrail.jpg */ = {isa = PBXFileReference; lastKnownFileType = image.jpeg; path = chilkoottrail.jpg; sourceTree = "<group>"; };
		F216717422B4DD0900611892 /* chincoteague.jpg */ = {isa = PBXFileReference; lastKnownFileType = image.jpeg; path = chincoteague.jpg; sourceTree = "<group>"; };
		F216717522B4DD0900611892 /* silversalmoncreek.jpg */ = {isa = PBXFileReference; lastKnownFileType = image.jpeg; path = silversalmoncreek.jpg; sourceTree = "<group>"; };
		F216717622B4DD0900611892 /* yukon_charleyrivers.jpg */ = {isa = PBXFileReference; lastKnownFileType = image.jpeg; path = yukon_charleyrivers.jpg; sourceTree = "<group>"; };
		F216717722B4DD0900611892 /* stmarylake.jpg */ = {isa = PBXFileReference; lastKnownFileType = image.jpeg; path = stmarylake.jpg; sourceTree = "<group>"; };
		F2AF4EAD22B4E3E900EF238A /* LandmarkDetail.swift */ = {isa = PBXFileReference; lastKnownFileType = sourcecode.swift; path = LandmarkDetail.swift; sourceTree = "<group>"; };
		F2AF4EBA22B4E55800EF238A /* CircleImage.swift */ = {isa = PBXFileReference; fileEncoding = 4; lastKnownFileType = sourcecode.swift; name = CircleImage.swift; path = ../../../TutorialSwiftUI/Views/CircleImage.swift; sourceTree = "<group>"; };
		F2AF4EBB22B4E55800EF238A /* MapView.swift */ = {isa = PBXFileReference; fileEncoding = 4; lastKnownFileType = sourcecode.swift; name = MapView.swift; path = ../../../TutorialSwiftUI/Views/MapView.swift; sourceTree = "<group>"; };
/* End PBXFileReference section */

/* Begin PBXFrameworksBuildPhase section */
		F216714322B4D5AD00611892 /* Frameworks */ = {
			isa = PBXFrameworksBuildPhase;
			buildActionMask = 2147483647;
			files = (
			);
			runOnlyForDeploymentPostprocessing = 0;
		};
/* End PBXFrameworksBuildPhase section */

/* Begin PBXGroup section */
		F216713D22B4D5AD00611892 = {
			isa = PBXGroup;
			children = (
				F216714822B4D5AD00611892 /* BuildingListsAndNavigation */,
				F216714722B4D5AD00611892 /* Products */,
				F2AF4EAF22B4E47200EF238A /* Frameworks */,
			);
			sourceTree = "<group>";
		};
		F216714722B4D5AD00611892 /* Products */ = {
			isa = PBXGroup;
			children = (
				F216714622B4D5AD00611892 /* BuildingListsAndNavigation.app */,
			);
			name = Products;
			sourceTree = "<group>";
		};
		F216714822B4D5AD00611892 /* BuildingListsAndNavigation */ = {
			isa = PBXGroup;
			children = (
				F2AF4EB922B4E54300EF238A /* Views */,
				F216716A22B4DCC300611892 /* Resources */,
				F216716522B4D67100611892 /* Models */,
				F216714922B4D5AD00611892 /* AppDelegate.swift */,
				F216714B22B4D5AD00611892 /* SceneDelegate.swift */,
				F216714D22B4D5AD00611892 /* ContentView.swift */,
				F216714F22B4D5AF00611892 /* Assets.xcassets */,
				F216715422B4D5AF00611892 /* LaunchScreen.storyboard */,
				F216715722B4D5AF00611892 /* Info.plist */,
				F216715122B4D5AF00611892 /* Preview Content */,
				F2AF4EAD22B4E3E900EF238A /* LandmarkDetail.swift */,
			);
			path = BuildingListsAndNavigation;
			sourceTree = "<group>";
		};
		F216715122B4D5AF00611892 /* Preview Content */ = {
			isa = PBXGroup;
			children = (
				F216715222B4D5AF00611892 /* Preview Assets.xcassets */,
			);
			path = "Preview Content";
			sourceTree = "<group>";
		};
		F216716522B4D67100611892 /* Models */ = {
			isa = PBXGroup;
			children = (
				F216716622B4D68200611892 /* Landmark.swift */,
				F216716822B4D90D00611892 /* Data.swift */,
			);
			path = Models;
			sourceTree = "<group>";
		};
		F216716A22B4DCC300611892 /* Resources */ = {
			isa = PBXGroup;
			children = (
				F216717322B4DD0900611892 /* chilkoottrail.jpg */,
				F216717422B4DD0900611892 /* chincoteague.jpg */,
				F216716C22B4DD0900611892 /* hiddenlake.jpg */,
				F216716F22B4DD0900611892 /* icybay.jpg */,
				F216716D22B4DD0900611892 /* lakemcdonald.jpg */,
				F216716E22B4DD0900611892 /* landmarkData.json */,
				F216717222B4DD0900611892 /* rainbowlake.jpg */,
				F216717522B4DD0900611892 /* silversalmoncreek.jpg */,
				F216717722B4DD0900611892 /* stmarylake.jpg */,
				F216716B22B4DD0900611892 /* turtlerock.jpg */,
				F216717022B4DD0900611892 /* twinlake.jpg */,
				F216717122B4DD0900611892 /* umbagog.jpg */,
				F216717622B4DD0900611892 /* yukon_charleyrivers.jpg */,
			);
			path = Resources;
			sourceTree = "<group>";
		};
		F2AF4EAF22B4E47200EF238A /* Frameworks */ = {
			isa = PBXGroup;
			children = (
			);
			name = Frameworks;
			sourceTree = "<group>";
		};
		F2AF4EB922B4E54300EF238A /* Views */ = {
			isa = PBXGroup;
			children = (
				F2AF4EBA22B4E55800EF238A /* CircleImage.swift */,
				F2AF4EBB22B4E55800EF238A /* MapView.swift */,
			);
			path = Views;
			sourceTree = "<group>";
		};
/* End PBXGroup section */

/* Begin PBXNativeTarget section */
		F216714522B4D5AD00611892 /* BuildingListsAndNavigation */ = {
			isa = PBXNativeTarget;
			buildConfigurationList = F216715A22B4D5AF00611892 /* Build configuration list for PBXNativeTarget "BuildingListsAndNavigation" */;
			buildPhases = (
				F216714222B4D5AD00611892 /* Sources */,
				F216714322B4D5AD00611892 /* Frameworks */,
				F216714422B4D5AD00611892 /* Resources */,
			);
			buildRules = (
			);
			dependencies = (
			);
			name = BuildingListsAndNavigation;
			productName = BuildingListsAndNavigation;
			productReference = F216714622B4D5AD00611892 /* BuildingListsAndNavigation.app */;
			productType = "com.apple.product-type.application";
		};
/* End PBXNativeTarget section */

/* Begin PBXProject section */
		F216713E22B4D5AD00611892 /* Project object */ = {
			isa = PBXProject;
			attributes = {
				LastSwiftUpdateCheck = 1100;
				LastUpgradeCheck = 1100;
				ORGANIZATIONNAME = yochidros;
				TargetAttributes = {
					F216714522B4D5AD00611892 = {
						CreatedOnToolsVersion = 11.0;
					};
				};
			};
			buildConfigurationList = F216714122B4D5AD00611892 /* Build configuration list for PBXProject "BuildingListsAndNavigation" */;
			compatibilityVersion = "Xcode 9.3";
			developmentRegion = en;
			hasScannedForEncodings = 0;
			knownRegions = (
				en,
				Base,
			);
			mainGroup = F216713D22B4D5AD00611892;
			productRefGroup = F216714722B4D5AD00611892 /* Products */;
			projectDirPath = "";
			projectRoot = "";
			targets = (
				F216714522B4D5AD00611892 /* BuildingListsAndNavigation */,
			);
		};
/* End PBXProject section */

/* Begin PBXResourcesBuildPhase section */
		F216714422B4D5AD00611892 /* Resources */ = {
			isa = PBXResourcesBuildPhase;
			buildActionMask = 2147483647;
			files = (
				F216717F22B4DD0900611892 /* rainbowlake.jpg in Resources */,
				F216718022B4DD0900611892 /* chilkoottrail.jpg in Resources */,
				F216717A22B4DD0900611892 /* lakemcdonald.jpg in Resources */,
				F216717822B4DD0900611892 /* turtlerock.jpg in Resources */,
				F216718322B4DD0900611892 /* yukon_charleyrivers.jpg in Resources */,
				F216717C22B4DD0900611892 /* icybay.jpg in Resources */,
				F216718122B4DD0900611892 /* chincoteague.jpg in Resources */,
				F216717B22B4DD0900611892 /* landmarkData.json in Resources */,
				F216717E22B4DD0900611892 /* umbagog.jpg in Resources */,
				F216715622B4D5AF00611892 /* LaunchScreen.storyboard in Resources */,
				F216718422B4DD0900611892 /* stmarylake.jpg in Resources */,
				F216715322B4D5AF00611892 /* Preview Assets.xcassets in Resources */,
				F216717D22B4DD0900611892 /* twinlake.jpg in Resources */,
				F216718222B4DD0900611892 /* silversalmoncreek.jpg in Resources */,
				F216717922B4DD0900611892 /* hiddenlake.jpg in Resources */,
				F216715022B4D5AF00611892 /* Assets.xcassets in Resources */,
			);
			runOnlyForDeploymentPostprocessing = 0;
		};
/* End PBXResourcesBuildPhase section */

/* Begin PBXSourcesBuildPhase section */
		F216714222B4D5AD00611892 /* Sources */ = {
			isa = PBXSourcesBuildPhase;
			buildActionMask = 2147483647;
			files = (
				F216714A22B4D5AD00611892 /* AppDelegate.swift in Sources */,
				F2AF4EBD22B4E55800EF238A /* MapView.swift in Sources */,
				F216716922B4D90D00611892 /* Data.swift in Sources */,
				F216714C22B4D5AD00611892 /* SceneDelegate.swift in Sources */,
				F2AF4EBC22B4E55800EF238A /* CircleImage.swift in Sources */,
				F216714E22B4D5AD00611892 /* ContentView.swift in Sources */,
				F2AF4EAE22B4E3E900EF238A /* LandmarkDetail.swift in Sources */,
				F216716722B4D68200611892 /* Landmark.swift in Sources */,
			);
			runOnlyForDeploymentPostprocessing = 0;
		};
/* End PBXSourcesBuildPhase section */

/* Begin PBXVariantGroup section */
		F216715422B4D5AF00611892 /* LaunchScreen.storyboard */ = {
			isa = PBXVariantGroup;
			children = (
				F216715522B4D5AF00611892 /* Base */,
			);
			name = LaunchScreen.storyboard;
			sourceTree = "<group>";
		};
/* End PBXVariantGroup section */

/* Begin XCBuildConfiguration section */
		F216715822B4D5AF00611892 /* Debug */ = {
			isa = XCBuildConfiguration;
			buildSettings = {
				ALWAYS_SEARCH_USER_PATHS = NO;
				CLANG_ANALYZER_NONNULL = YES;
				CLANG_ANALYZER_NUMBER_OBJECT_CONVERSION = YES_AGGRESSIVE;
				CLANG_CXX_LANGUAGE_STANDARD = "gnu++14";
				CLANG_CXX_LIBRARY = "libc++";
				CLANG_ENABLE_MODULES = YES;
				CLANG_ENABLE_OBJC_ARC = YES;
				CLANG_ENABLE_OBJC_WEAK = YES;
				CLANG_WARN_BLOCK_CAPTURE_AUTORELEASING = YES;
				CLANG_WARN_BOOL_CONVERSION = YES;
				CLANG_WARN_COMMA = YES;
				CLANG_WARN_CONSTANT_CONVERSION = YES;
				CLANG_WARN_DEPRECATED_OBJC_IMPLEMENTATIONS = YES;
				CLANG_WARN_DIRECT_OBJC_ISA_USAGE = YES_ERROR;
				CLANG_WARN_DOCUMENTATION_COMMENTS = YES;
				CLANG_WARN_EMPTY_BODY = YES;
				CLANG_WARN_ENUM_CONVERSION = YES;
				CLANG_WARN_INFINITE_RECURSION = YES;
				CLANG_WARN_INT_CONVERSION = YES;
				CLANG_WARN_NON_LITERAL_NULL_CONVERSION = YES;
				CLANG_WARN_OBJC_IMPLICIT_RETAIN_SELF = YES;
				CLANG_WARN_OBJC_LITERAL_CONVERSION = YES;
				CLANG_WARN_OBJC_ROOT_CLASS = YES_ERROR;
				CLANG_WARN_RANGE_LOOP_ANALYSIS = YES;
				CLANG_WARN_STRICT_PROTOTYPES = YES;
				CLANG_WARN_SUSPICIOUS_MOVE = YES;
				CLANG_WARN_UNGUARDED_AVAILABILITY = YES_AGGRESSIVE;
				CLANG_WARN_UNREACHABLE_CODE = YES;
				CLANG_WARN__DUPLICATE_METHOD_MATCH = YES;
				COPY_PHASE_STRIP = NO;
				DEBUG_INFORMATION_FORMAT = dwarf;
				ENABLE_STRICT_OBJC_MSGSEND = YES;
				ENABLE_TESTABILITY = YES;
				GCC_C_LANGUAGE_STANDARD = gnu11;
				GCC_DYNAMIC_NO_PIC = NO;
				GCC_NO_COMMON_BLOCKS = YES;
				GCC_OPTIMIZATION_LEVEL = 0;
				GCC_PREPROCESSOR_DEFINITIONS = (
					"DEBUG=1",
					"$(inherited)",
				);
				GCC_WARN_64_TO_32_BIT_CONVERSION = YES;
				GCC_WARN_ABOUT_RETURN_TYPE = YES_ERROR;
				GCC_WARN_UNDECLARED_SELECTOR = YES;
				GCC_WARN_UNINITIALIZED_AUTOS = YES_AGGRESSIVE;
				GCC_WARN_UNUSED_FUNCTION = YES;
				GCC_WARN_UNUSED_VARIABLE = YES;
				IPHONEOS_DEPLOYMENT_TARGET = 13.0;
				MTL_ENABLE_DEBUG_INFO = INCLUDE_SOURCE;
				MTL_FAST_MATH = YES;
				ONLY_ACTIVE_ARCH = YES;
				SDKROOT = iphoneos;
				SWIFT_ACTIVE_COMPILATION_CONDITIONS = DEBUG;
				SWIFT_OPTIMIZATION_LEVEL = "-Onone";
			};
			name = Debug;
		};
		F216715922B4D5AF00611892 /* Release */ = {
			isa = XCBuildConfiguration;
			buildSettings = {
				ALWAYS_SEARCH_USER_PATHS = NO;
				CLANG_ANALYZER_NONNULL = YES;
				CLANG_ANALYZER_NUMBER_OBJECT_CONVERSION = YES_AGGRESSIVE;
				CLANG_CXX_LANGUAGE_STANDARD = "gnu++14";
				CLANG_CXX_LIBRARY = "libc++";
				CLANG_ENABLE_MODULES = YES;
				CLANG_ENABLE_OBJC_ARC = YES;
				CLANG_ENABLE_OBJC_WEAK = YES;
				CLANG_WARN_BLOCK_CAPTURE_AUTORELEASING = YES;
				CLANG_WARN_BOOL_CONVERSION = YES;
				CLANG_WARN_COMMA = YES;
				CLANG_WARN_CONSTANT_CONVERSION = YES;
				CLANG_WARN_DEPRECATED_OBJC_IMPLEMENTATIONS = YES;
				CLANG_WARN_DIRECT_OBJC_ISA_USAGE = YES_ERROR;
				CLANG_WARN_DOCUMENTATION_COMMENTS = YES;
				CLANG_WARN_EMPTY_BODY = YES;
				CLANG_WARN_ENUM_CONVERSION = YES;
				CLANG_WARN_INFINITE_RECURSION = YES;
				CLANG_WARN_INT_CONVERSION = YES;
				CLANG_WARN_NON_LITERAL_NULL_CONVERSION = YES;
				CLANG_WARN_OBJC_IMPLICIT_RETAIN_SELF = YES;
				CLANG_WARN_OBJC_LITERAL_CONVERSION = YES;
				CLANG_WARN_OBJC_ROOT_CLASS = YES_ERROR;
				CLANG_WARN_RANGE_LOOP_ANALYSIS = YES;
				CLANG_WARN_STRICT_PROTOTYPES = YES;
				CLANG_WARN_SUSPICIOUS_MOVE = YES;
				CLANG_WARN_UNGUARDED_AVAILABILITY = YES_AGGRESSIVE;
				CLANG_WARN_UNREACHABLE_CODE = YES;
				CLANG_WARN__DUPLICATE_METHOD_MATCH = YES;
				COPY_PHASE_STRIP = NO;
				DEBUG_INFORMATION_FORMAT = "dwarf-with-dsym";
				ENABLE_NS_ASSERTIONS = NO;
				ENABLE_STRICT_OBJC_MSGSEND = YES;
				GCC_C_LANGUAGE_STANDARD = gnu11;
				GCC_NO_COMMON_BLOCKS = YES;
				GCC_WARN_64_TO_32_BIT_CONVERSION = YES;
				GCC_WARN_ABOUT_RETURN_TYPE = YES_ERROR;
				GCC_WARN_UNDECLARED_SELECTOR = YES;
				GCC_WARN_UNINITIALIZED_AUTOS = YES_AGGRESSIVE;
				GCC_WARN_UNUSED_FUNCTION = YES;
				GCC_WARN_UNUSED_VARIABLE = YES;
				IPHONEOS_DEPLOYMENT_TARGET = 13.0;
				MTL_ENABLE_DEBUG_INFO = NO;
				MTL_FAST_MATH = YES;
				SDKROOT = iphoneos;
				SWIFT_COMPILATION_MODE = wholemodule;
				SWIFT_OPTIMIZATION_LEVEL = "-O";
				VALIDATE_PRODUCT = YES;
			};
			name = Release;
		};
		F216715B22B4D5AF00611892 /* Debug */ = {
			isa = XCBuildConfiguration;
			buildSettings = {
				ASSETCATALOG_COMPILER_APPICON_NAME = AppIcon;
				CODE_SIGN_STYLE = Automatic;
				DEVELOPMENT_ASSET_PATHS = "BuildingListsAndNavigation/Preview\\ Content";
				DEVELOPMENT_TEAM = E296FA364F;
				ENABLE_PREVIEWS = YES;
				INFOPLIST_FILE = BuildingListsAndNavigation/Info.plist;
				LD_RUNPATH_SEARCH_PATHS = (
					"$(inherited)",
					"@executable_path/Frameworks",
				);
				PRODUCT_BUNDLE_IDENTIFIER = yochidros.BuildingListsAndNavigation;
				PRODUCT_NAME = "$(TARGET_NAME)";
				SWIFT_VERSION = 5.0;
				TARGETED_DEVICE_FAMILY = "1,2";
			};
			name = Debug;
		};
		F216715C22B4D5AF00611892 /* Release */ = {
			isa = XCBuildConfiguration;
			buildSettings = {
				ASSETCATALOG_COMPILER_APPICON_NAME = AppIcon;
				CODE_SIGN_STYLE = Automatic;
				DEVELOPMENT_ASSET_PATHS = "BuildingListsAndNavigation/Preview\\ Content";
				DEVELOPMENT_TEAM = E296FA364F;
				ENABLE_PREVIEWS = YES;
				INFOPLIST_FILE = BuildingListsAndNavigation/Info.plist;
				LD_RUNPATH_SEARCH_PATHS = (
					"$(inherited)",
					"@executable_path/Frameworks",
				);
				PRODUCT_BUNDLE_IDENTIFIER = yochidros.BuildingListsAndNavigation;
				PRODUCT_NAME = "$(TARGET_NAME)";
				SWIFT_VERSION = 5.0;
				TARGETED_DEVICE_FAMILY = "1,2";
			};
			name = Release;
		};
/* End XCBuildConfiguration section */

/* Begin XCConfigurationList section */
		F216714122B4D5AD00611892 /* Build configuration list for PBXProject "BuildingListsAndNavigation" */ = {
			isa = XCConfigurationList;
			buildConfigurations = (
				F216715822B4D5AF00611892 /* Debug */,
				F216715922B4D5AF00611892 /* Release */,
			);
			defaultConfigurationIsVisible = 0;
			defaultConfigurationName = Release;
		};
		F216715A22B4D5AF00611892 /* Build configuration list for PBXNativeTarget "BuildingListsAndNavigation" */ = {
			isa = XCConfigurationList;
			buildConfigurations = (
				F216715B22B4D5AF00611892 /* Debug */,
				F216715C22B4D5AF00611892 /* Release */,
			);
			defaultConfigurationIsVisible = 0;
			defaultConfigurationName = Release;
		};
/* End XCConfigurationList section */
	};
	rootObject = F216713E22B4D5AD00611892 /* Project object */;
}
