// !$*UTF8*$!
{
	archiveVersion = 1;
	classes = {
	};
	objectVersion = 50;
	objects = {

/* Begin PBXBuildFile section */
		F213256122A76B660082A83A /* AppDelegate.swift in Sources */ = {isa = PBXBuildFile; fileRef = F213256022A76B660082A83A /* AppDelegate.swift */; };
		F213256322A76B660082A83A /* SceneDelegate.swift in Sources */ = {isa = PBXBuildFile; fileRef = F213256222A76B660082A83A /* SceneDelegate.swift */; };
		F213256522A76B660082A83A /* ContentView.swift in Sources */ = {isa = PBXBuildFile; fileRef = F213256422A76B660082A83A /* ContentView.swift */; };
		F213256722A76B670082A83A /* Assets.xcassets in Resources */ = {isa = PBXBuildFile; fileRef = F213256622A76B670082A83A /* Assets.xcassets */; };
		F213256A22A76B670082A83A /* Preview Assets.xcassets in Resources */ = {isa = PBXBuildFile; fileRef = F213256922A76B670082A83A /* Preview Assets.xcassets */; };
		F213256D22A76B670082A83A /* LaunchScreen.storyboard in Resources */ = {isa = PBXBuildFile; fileRef = F213256B22A76B670082A83A /* LaunchScreen.storyboard */; };
		F213257822A76B670082A83A /* TutorialSwiftUITests.swift in Sources */ = {isa = PBXBuildFile; fileRef = F213257722A76B670082A83A /* TutorialSwiftUITests.swift */; };
		F213258322A76B670082A83A /* TutorialSwiftUIUITests.swift in Sources */ = {isa = PBXBuildFile; fileRef = F213258222A76B670082A83A /* TutorialSwiftUIUITests.swift */; };
		F2675AA922AF19A400A734B2 /* CircleImage.swift in Sources */ = {isa = PBXBuildFile; fileRef = F2675AA822AF19A400A734B2 /* CircleImage.swift */; };
		F2675AAB22AF1A8000A734B2 /* MapView.swift in Sources */ = {isa = PBXBuildFile; fileRef = F2675AAA22AF1A8000A734B2 /* MapView.swift */; };
/* End PBXBuildFile section */

/* Begin PBXContainerItemProxy section */
		F213257422A76B670082A83A /* PBXContainerItemProxy */ = {
			isa = PBXContainerItemProxy;
			containerPortal = F213255522A76B660082A83A /* Project object */;
			proxyType = 1;
			remoteGlobalIDString = F213255C22A76B660082A83A;
			remoteInfo = TutorialSwiftUI;
		};
		F213257F22A76B670082A83A /* PBXContainerItemProxy */ = {
			isa = PBXContainerItemProxy;
			containerPortal = F213255522A76B660082A83A /* Project object */;
			proxyType = 1;
			remoteGlobalIDString = F213255C22A76B660082A83A;
			remoteInfo = TutorialSwiftUI;
		};
		F216716122B4D5B000611892 /* PBXContainerItemProxy */ = {
			isa = PBXContainerItemProxy;
			containerPortal = F216715D22B4D5AF00611892 /* BuildingListsAndNavigation.xcodeproj */;
			proxyType = 2;
			remoteGlobalIDString = F216714622B4D5AD00611892;
			remoteInfo = BuildingListsAndNavigation;
		};
/* End PBXContainerItemProxy section */

/* Begin PBXFileReference section */
		F213255D22A76B660082A83A /* TutorialSwiftUI.app */ = {isa = PBXFileReference; explicitFileType = wrapper.application; includeInIndex = 0; path = TutorialSwiftUI.app; sourceTree = BUILT_PRODUCTS_DIR; };
		F213256022A76B660082A83A /* AppDelegate.swift */ = {isa = PBXFileReference; lastKnownFileType = sourcecode.swift; path = AppDelegate.swift; sourceTree = "<group>"; };
		F213256222A76B660082A83A /* SceneDelegate.swift */ = {isa = PBXFileReference; lastKnownFileType = sourcecode.swift; path = SceneDelegate.swift; sourceTree = "<group>"; };
		F213256422A76B660082A83A /* ContentView.swift */ = {isa = PBXFileReference; lastKnownFileType = sourcecode.swift; path = ContentView.swift; sourceTree = "<group>"; };
		F213256622A76B670082A83A /* Assets.xcassets */ = {isa = PBXFileReference; lastKnownFileType = folder.assetcatalog; path = Assets.xcassets; sourceTree = "<group>"; };
		F213256922A76B670082A83A /* Preview Assets.xcassets */ = {isa = PBXFileReference; lastKnownFileType = folder.assetcatalog; path = "Preview Assets.xcassets"; sourceTree = "<group>"; };
		F213256C22A76B670082A83A /* Base */ = {isa = PBXFileReference; lastKnownFileType = file.storyboard; name = Base; path = Base.lproj/LaunchScreen.storyboard; sourceTree = "<group>"; };
		F213256E22A76B670082A83A /* Info.plist */ = {isa = PBXFileReference; lastKnownFileType = text.plist.xml; path = Info.plist; sourceTree = "<group>"; };
		F213257322A76B670082A83A /* TutorialSwiftUITests.xctest */ = {isa = PBXFileReference; explicitFileType = wrapper.cfbundle; includeInIndex = 0; path = TutorialSwiftUITests.xctest; sourceTree = BUILT_PRODUCTS_DIR; };
		F213257722A76B670082A83A /* TutorialSwiftUITests.swift */ = {isa = PBXFileReference; lastKnownFileType = sourcecode.swift; path = TutorialSwiftUITests.swift; sourceTree = "<group>"; };
		F213257922A76B670082A83A /* Info.plist */ = {isa = PBXFileReference; lastKnownFileType = text.plist.xml; path = Info.plist; sourceTree = "<group>"; };
		F213257E22A76B670082A83A /* TutorialSwiftUIUITests.xctest */ = {isa = PBXFileReference; explicitFileType = wrapper.cfbundle; includeInIndex = 0; path = TutorialSwiftUIUITests.xctest; sourceTree = BUILT_PRODUCTS_DIR; };
		F213258222A76B670082A83A /* TutorialSwiftUIUITests.swift */ = {isa = PBXFileReference; lastKnownFileType = sourcecode.swift; path = TutorialSwiftUIUITests.swift; sourceTree = "<group>"; };
		F213258422A76B670082A83A /* Info.plist */ = {isa = PBXFileReference; lastKnownFileType = text.plist.xml; path = Info.plist; sourceTree = "<group>"; };
		F216715D22B4D5AF00611892 /* BuildingListsAndNavigation.xcodeproj */ = {isa = PBXFileReference; lastKnownFileType = "wrapper.pb-project"; name = BuildingListsAndNavigation.xcodeproj; path = BuildingListsAndNavigation/BuildingListsAndNavigation.xcodeproj; sourceTree = SOURCE_ROOT; };
		F2675AA822AF19A400A734B2 /* CircleImage.swift */ = {isa = PBXFileReference; lastKnownFileType = sourcecode.swift; path = CircleImage.swift; sourceTree = "<group>"; };
		F2675AAA22AF1A8000A734B2 /* MapView.swift */ = {isa = PBXFileReference; lastKnownFileType = sourcecode.swift; path = MapView.swift; sourceTree = "<group>"; };
/* End PBXFileReference section */

/* Begin PBXFrameworksBuildPhase section */
		F213255A22A76B660082A83A /* Frameworks */ = {
			isa = PBXFrameworksBuildPhase;
			buildActionMask = 2147483647;
			files = (
			);
			runOnlyForDeploymentPostprocessing = 0;
		};
		F213257022A76B670082A83A /* Frameworks */ = {
			isa = PBXFrameworksBuildPhase;
			buildActionMask = 2147483647;
			files = (
			);
			runOnlyForDeploymentPostprocessing = 0;
		};
		F213257B22A76B670082A83A /* Frameworks */ = {
			isa = PBXFrameworksBuildPhase;
			buildActionMask = 2147483647;
			files = (
			);
			runOnlyForDeploymentPostprocessing = 0;
		};
/* End PBXFrameworksBuildPhase section */

/* Begin PBXGroup section */
		F213255422A76B660082A83A = {
			isa = PBXGroup;
			children = (
				F216715D22B4D5AF00611892 /* BuildingListsAndNavigation.xcodeproj */,
				F213255F22A76B660082A83A /* TutorialSwiftUI */,
				F213257622A76B670082A83A /* TutorialSwiftUITests */,
				F213258122A76B670082A83A /* TutorialSwiftUIUITests */,
				F213255E22A76B660082A83A /* Products */,
			);
			sourceTree = "<group>";
		};
		F213255E22A76B660082A83A /* Products */ = {
			isa = PBXGroup;
			children = (
				F213255D22A76B660082A83A /* TutorialSwiftUI.app */,
				F213257322A76B670082A83A /* TutorialSwiftUITests.xctest */,
				F213257E22A76B670082A83A /* TutorialSwiftUIUITests.xctest */,
			);
			name = Products;
			sourceTree = "<group>";
		};
		F213255F22A76B660082A83A /* TutorialSwiftUI */ = {
			isa = PBXGroup;
			children = (
				F216716322B4D5DA00611892 /* Views */,
				F213256022A76B660082A83A /* AppDelegate.swift */,
				F213256222A76B660082A83A /* SceneDelegate.swift */,
				F213256422A76B660082A83A /* ContentView.swift */,
				F213256622A76B670082A83A /* Assets.xcassets */,
				F213256E22A76B670082A83A /* Info.plist */,
				F213256B22A76B670082A83A /* LaunchScreen.storyboard */,
				F213256822A76B670082A83A /* Preview Content */,
			);
			path = TutorialSwiftUI;
			sourceTree = "<group>";
		};
		F213256822A76B670082A83A /* Preview Content */ = {
			isa = PBXGroup;
			children = (
				F213256922A76B670082A83A /* Preview Assets.xcassets */,
			);
			path = "Preview Content";
			sourceTree = "<group>";
		};
		F213257622A76B670082A83A /* TutorialSwiftUITests */ = {
			isa = PBXGroup;
			children = (
				F213257722A76B670082A83A /* TutorialSwiftUITests.swift */,
				F213257922A76B670082A83A /* Info.plist */,
			);
			path = TutorialSwiftUITests;
			sourceTree = "<group>";
		};
		F213258122A76B670082A83A /* TutorialSwiftUIUITests */ = {
			isa = PBXGroup;
			children = (
				F213258222A76B670082A83A /* TutorialSwiftUIUITests.swift */,
				F213258422A76B670082A83A /* Info.plist */,
			);
			path = TutorialSwiftUIUITests;
			sourceTree = "<group>";
		};
		F216715E22B4D5AF00611892 /* Products */ = {
			isa = PBXGroup;
			children = (
				F216716222B4D5B000611892 /* BuildingListsAndNavigation.app */,
			);
			name = Products;
			sourceTree = "<group>";
		};
		F216716322B4D5DA00611892 /* Views */ = {
			isa = PBXGroup;
			children = (
				F2675AA822AF19A400A734B2 /* CircleImage.swift */,
				F2675AAA22AF1A8000A734B2 /* MapView.swift */,
			);
			path = Views;
			sourceTree = "<group>";
		};
/* End PBXGroup section */

/* Begin PBXNativeTarget section */
		F213255C22A76B660082A83A /* TutorialSwiftUI */ = {
			isa = PBXNativeTarget;
			buildConfigurationList = F213258722A76B670082A83A /* Build configuration list for PBXNativeTarget "TutorialSwiftUI" */;
			buildPhases = (
				F213255922A76B660082A83A /* Sources */,
				F213255A22A76B660082A83A /* Frameworks */,
				F213255B22A76B660082A83A /* Resources */,
			);
			buildRules = (
			);
			dependencies = (
			);
			name = TutorialSwiftUI;
			productName = TutorialSwiftUI;
			productReference = F213255D22A76B660082A83A /* TutorialSwiftUI.app */;
			productType = "com.apple.product-type.application";
		};
		F213257222A76B670082A83A /* TutorialSwiftUITests */ = {
			isa = PBXNativeTarget;
			buildConfigurationList = F213258A22A76B670082A83A /* Build configuration list for PBXNativeTarget "TutorialSwiftUITests" */;
			buildPhases = (
				F213256F22A76B670082A83A /* Sources */,
				F213257022A76B670082A83A /* Frameworks */,
				F213257122A76B670082A83A /* Resources */,
			);
			buildRules = (
			);
			dependencies = (
				F213257522A76B670082A83A /* PBXTargetDependency */,
			);
			name = TutorialSwiftUITests;
			productName = TutorialSwiftUITests;
			productReference = F213257322A76B670082A83A /* TutorialSwiftUITests.xctest */;
			productType = "com.apple.product-type.bundle.unit-test";
		};
		F213257D22A76B670082A83A /* TutorialSwiftUIUITests */ = {
			isa = PBXNativeTarget;
			buildConfigurationList = F213258D22A76B670082A83A /* Build configuration list for PBXNativeTarget "TutorialSwiftUIUITests" */;
			buildPhases = (
				F213257A22A76B670082A83A /* Sources */,
				F213257B22A76B670082A83A /* Frameworks */,
				F213257C22A76B670082A83A /* Resources */,
			);
			buildRules = (
			);
			dependencies = (
				F213258022A76B670082A83A /* PBXTargetDependency */,
			);
			name = TutorialSwiftUIUITests;
			productName = TutorialSwiftUIUITests;
			productReference = F213257E22A76B670082A83A /* TutorialSwiftUIUITests.xctest */;
			productType = "com.apple.product-type.bundle.ui-testing";
		};
/* End PBXNativeTarget section */

/* Begin PBXProject section */
		F213255522A76B660082A83A /* Project object */ = {
			isa = PBXProject;
			attributes = {
				LastSwiftUpdateCheck = 1100;
				LastUpgradeCheck = 1100;
				ORGANIZATIONNAME = yochidros;
				TargetAttributes = {
					F213255C22A76B660082A83A = {
						CreatedOnToolsVersion = 11.0;
					};
					F213257222A76B670082A83A = {
						CreatedOnToolsVersion = 11.0;
						TestTargetID = F213255C22A76B660082A83A;
					};
					F213257D22A76B670082A83A = {
						CreatedOnToolsVersion = 11.0;
						TestTargetID = F213255C22A76B660082A83A;
					};
				};
			};
			buildConfigurationList = F213255822A76B660082A83A /* Build configuration list for PBXProject "TutorialSwiftUI" */;
			compatibilityVersion = "Xcode 9.3";
			developmentRegion = en;
			hasScannedForEncodings = 0;
			knownRegions = (
				en,
				Base,
			);
			mainGroup = F213255422A76B660082A83A;
			productRefGroup = F213255E22A76B660082A83A /* Products */;
			projectDirPath = "";
			projectReferences = (
				{
					ProductGroup = F216715E22B4D5AF00611892 /* Products */;
					ProjectRef = F216715D22B4D5AF00611892 /* BuildingListsAndNavigation.xcodeproj */;
				},
			);
			projectRoot = "";
			targets = (
				F213255C22A76B660082A83A /* TutorialSwiftUI */,
				F213257222A76B670082A83A /* TutorialSwiftUITests */,
				F213257D22A76B670082A83A /* TutorialSwiftUIUITests */,
			);
		};
/* End PBXProject section */

/* Begin PBXReferenceProxy section */
		F216716222B4D5B000611892 /* BuildingListsAndNavigation.app */ = {
			isa = PBXReferenceProxy;
			fileType = wrapper.application;
			path = BuildingListsAndNavigation.app;
			remoteRef = F216716122B4D5B000611892 /* PBXContainerItemProxy */;
			sourceTree = BUILT_PRODUCTS_DIR;
		};
/* End PBXReferenceProxy section */

/* Begin PBXResourcesBuildPhase section */
		F213255B22A76B660082A83A /* Resources */ = {
			isa = PBXResourcesBuildPhase;
			buildActionMask = 2147483647;
			files = (
				F213256D22A76B670082A83A /* LaunchScreen.storyboard in Resources */,
				F213256A22A76B670082A83A /* Preview Assets.xcassets in Resources */,
				F213256722A76B670082A83A /* Assets.xcassets in Resources */,
			);
			runOnlyForDeploymentPostprocessing = 0;
		};
		F213257122A76B670082A83A /* Resources */ = {
			isa = PBXResourcesBuildPhase;
			buildActionMask = 2147483647;
			files = (
			);
			runOnlyForDeploymentPostprocessing = 0;
		};
		F213257C22A76B670082A83A /* Resources */ = {
			isa = PBXResourcesBuildPhase;
			buildActionMask = 2147483647;
			files = (
			);
			runOnlyForDeploymentPostprocessing = 0;
		};
/* End PBXResourcesBuildPhase section */

/* Begin PBXSourcesBuildPhase section */
		F213255922A76B660082A83A /* Sources */ = {
			isa = PBXSourcesBuildPhase;
			buildActionMask = 2147483647;
			files = (
				F213256122A76B660082A83A /* AppDelegate.swift in Sources */,
				F2675AA922AF19A400A734B2 /* CircleImage.swift in Sources */,
				F2675AAB22AF1A8000A734B2 /* MapView.swift in Sources */,
				F213256322A76B660082A83A /* SceneDelegate.swift in Sources */,
				F213256522A76B660082A83A /* ContentView.swift in Sources */,
			);
			runOnlyForDeploymentPostprocessing = 0;
		};
		F213256F22A76B670082A83A /* Sources */ = {
			isa = PBXSourcesBuildPhase;
			buildActionMask = 2147483647;
			files = (
				F213257822A76B670082A83A /* TutorialSwiftUITests.swift in Sources */,
			);
			runOnlyForDeploymentPostprocessing = 0;
		};
		F213257A22A76B670082A83A /* Sources */ = {
			isa = PBXSourcesBuildPhase;
			buildActionMask = 2147483647;
			files = (
				F213258322A76B670082A83A /* TutorialSwiftUIUITests.swift in Sources */,
			);
			runOnlyForDeploymentPostprocessing = 0;
		};
/* End PBXSourcesBuildPhase section */

/* Begin PBXTargetDependency section */
		F213257522A76B670082A83A /* PBXTargetDependency */ = {
			isa = PBXTargetDependency;
			target = F213255C22A76B660082A83A /* TutorialSwiftUI */;
			targetProxy = F213257422A76B670082A83A /* PBXContainerItemProxy */;
		};
		F213258022A76B670082A83A /* PBXTargetDependency */ = {
			isa = PBXTargetDependency;
			target = F213255C22A76B660082A83A /* TutorialSwiftUI */;
			targetProxy = F213257F22A76B670082A83A /* PBXContainerItemProxy */;
		};
/* End PBXTargetDependency section */

/* Begin PBXVariantGroup section */
		F213256B22A76B670082A83A /* LaunchScreen.storyboard */ = {
			isa = PBXVariantGroup;
			children = (
				F213256C22A76B670082A83A /* Base */,
			);
			name = LaunchScreen.storyboard;
			sourceTree = "<group>";
		};
/* End PBXVariantGroup section */

/* Begin XCBuildConfiguration section */
		F213258522A76B670082A83A /* Debug */ = {
			isa = XCBuildConfiguration;
			buildSettings = {
				ALWAYS_SEARCH_USER_PATHS = NO;
				CLANG_ANALYZER_NONNULL = YES;
				CLANG_ANALYZER_NUMBER_OBJECT_CONVERSION = YES_AGGRESSIVE;
				CLANG_CXX_LANGUAGE_STANDARD = "gnu++14";
				CLANG_CXX_LIBRARY = "libc++";
				CLANG_ENABLE_MODULES = YES;
				CLANG_ENABLE_OBJC_ARC = YES;
				CLANG_ENABLE_OBJC_WEAK = YES;
				CLANG_WARN_BLOCK_CAPTURE_AUTORELEASING = YES;
				CLANG_WARN_BOOL_CONVERSION = YES;
				CLANG_WARN_COMMA = YES;
				CLANG_WARN_CONSTANT_CONVERSION = YES;
				CLANG_WARN_DEPRECATED_OBJC_IMPLEMENTATIONS = YES;
				CLANG_WARN_DIRECT_OBJC_ISA_USAGE = YES_ERROR;
				CLANG_WARN_DOCUMENTATION_COMMENTS = YES;
				CLANG_WARN_EMPTY_BODY = YES;
				CLANG_WARN_ENUM_CONVERSION = YES;
				CLANG_WARN_INFINITE_RECURSION = YES;
				CLANG_WARN_INT_CONVERSION = YES;
				CLANG_WARN_NON_LITERAL_NULL_CONVERSION = YES;
				CLANG_WARN_OBJC_IMPLICIT_RETAIN_SELF = YES;
				CLANG_WARN_OBJC_LITERAL_CONVERSION = YES;
				CLANG_WARN_OBJC_ROOT_CLASS = YES_ERROR;
				CLANG_WARN_RANGE_LOOP_ANALYSIS = YES;
				CLANG_WARN_STRICT_PROTOTYPES = YES;
				CLANG_WARN_SUSPICIOUS_MOVE = YES;
				CLANG_WARN_UNGUARDED_AVAILABILITY = YES_AGGRESSIVE;
				CLANG_WARN_UNREACHABLE_CODE = YES;
				CLANG_WARN__DUPLICATE_METHOD_MATCH = YES;
				COPY_PHASE_STRIP = NO;
				DEBUG_INFORMATION_FORMAT = dwarf;
				ENABLE_STRICT_OBJC_MSGSEND = YES;
				ENABLE_TESTABILITY = YES;
				GCC_C_LANGUAGE_STANDARD = gnu11;
				GCC_DYNAMIC_NO_PIC = NO;
				GCC_NO_COMMON_BLOCKS = YES;
				GCC_OPTIMIZATION_LEVEL = 0;
				GCC_PREPROCESSOR_DEFINITIONS = (
					"DEBUG=1",
					"$(inherited)",
				);
				GCC_WARN_64_TO_32_BIT_CONVERSION = YES;
				GCC_WARN_ABOUT_RETURN_TYPE = YES_ERROR;
				GCC_WARN_UNDECLARED_SELECTOR = YES;
				GCC_WARN_UNINITIALIZED_AUTOS = YES_AGGRESSIVE;
				GCC_WARN_UNUSED_FUNCTION = YES;
				GCC_WARN_UNUSED_VARIABLE = YES;
				IPHONEOS_DEPLOYMENT_TARGET = 13.0;
				MTL_ENABLE_DEBUG_INFO = INCLUDE_SOURCE;
				MTL_FAST_MATH = YES;
				ONLY_ACTIVE_ARCH = YES;
				SDKROOT = iphoneos;
				SWIFT_ACTIVE_COMPILATION_CONDITIONS = DEBUG;
				SWIFT_OPTIMIZATION_LEVEL = "-Onone";
			};
			name = Debug;
		};
		F213258622A76B670082A83A /* Release */ = {
			isa = XCBuildConfiguration;
			buildSettings = {
				ALWAYS_SEARCH_USER_PATHS = NO;
				CLANG_ANALYZER_NONNULL = YES;
				CLANG_ANALYZER_NUMBER_OBJECT_CONVERSION = YES_AGGRESSIVE;
				CLANG_CXX_LANGUAGE_STANDARD = "gnu++14";
				CLANG_CXX_LIBRARY = "libc++";
				CLANG_ENABLE_MODULES = YES;
				CLANG_ENABLE_OBJC_ARC = YES;
				CLANG_ENABLE_OBJC_WEAK = YES;
				CLANG_WARN_BLOCK_CAPTURE_AUTORELEASING = YES;
				CLANG_WARN_BOOL_CONVERSION = YES;
				CLANG_WARN_COMMA = YES;
				CLANG_WARN_CONSTANT_CONVERSION = YES;
				CLANG_WARN_DEPRECATED_OBJC_IMPLEMENTATIONS = YES;
				CLANG_WARN_DIRECT_OBJC_ISA_USAGE = YES_ERROR;
				CLANG_WARN_DOCUMENTATION_COMMENTS = YES;
				CLANG_WARN_EMPTY_BODY = YES;
				CLANG_WARN_ENUM_CONVERSION = YES;
				CLANG_WARN_INFINITE_RECURSION = YES;
				CLANG_WARN_INT_CONVERSION = YES;
				CLANG_WARN_NON_LITERAL_NULL_CONVERSION = YES;
				CLANG_WARN_OBJC_IMPLICIT_RETAIN_SELF = YES;
				CLANG_WARN_OBJC_LITERAL_CONVERSION = YES;
				CLANG_WARN_OBJC_ROOT_CLASS = YES_ERROR;
				CLANG_WARN_RANGE_LOOP_ANALYSIS = YES;
				CLANG_WARN_STRICT_PROTOTYPES = YES;
				CLANG_WARN_SUSPICIOUS_MOVE = YES;
				CLANG_WARN_UNGUARDED_AVAILABILITY = YES_AGGRESSIVE;
				CLANG_WARN_UNREACHABLE_CODE = YES;
				CLANG_WARN__DUPLICATE_METHOD_MATCH = YES;
				COPY_PHASE_STRIP = NO;
				DEBUG_INFORMATION_FORMAT = "dwarf-with-dsym";
				ENABLE_NS_ASSERTIONS = NO;
				ENABLE_STRICT_OBJC_MSGSEND = YES;
				GCC_C_LANGUAGE_STANDARD = gnu11;
				GCC_NO_COMMON_BLOCKS = YES;
				GCC_WARN_64_TO_32_BIT_CONVERSION = YES;
				GCC_WARN_ABOUT_RETURN_TYPE = YES_ERROR;
				GCC_WARN_UNDECLARED_SELECTOR = YES;
				GCC_WARN_UNINITIALIZED_AUTOS = YES_AGGRESSIVE;
				GCC_WARN_UNUSED_FUNCTION = YES;
				GCC_WARN_UNUSED_VARIABLE = YES;
				IPHONEOS_DEPLOYMENT_TARGET = 13.0;
				MTL_ENABLE_DEBUG_INFO = NO;
				MTL_FAST_MATH = YES;
				SDKROOT = iphoneos;
				SWIFT_COMPILATION_MODE = wholemodule;
				SWIFT_OPTIMIZATION_LEVEL = "-O";
				VALIDATE_PRODUCT = YES;
			};
			name = Release;
		};
		F213258822A76B670082A83A /* Debug */ = {
			isa = XCBuildConfiguration;
			buildSettings = {
				ASSETCATALOG_COMPILER_APPICON_NAME = AppIcon;
				CODE_SIGN_STYLE = Automatic;
				DEVELOPMENT_ASSET_PATHS = "TutorialSwiftUI/Preview\\ Content";
				DEVELOPMENT_TEAM = E296FA364F;
				ENABLE_PREVIEWS = YES;
				INFOPLIST_FILE = TutorialSwiftUI/Info.plist;
				LD_RUNPATH_SEARCH_PATHS = (
					"$(inherited)",
					"@executable_path/Frameworks",
				);
				PRODUCT_BUNDLE_IDENTIFIER = yochidros.TutorialSwiftUI;
				PRODUCT_NAME = "$(TARGET_NAME)";
				SWIFT_VERSION = 5.0;
				TARGETED_DEVICE_FAMILY = "1,2";
			};
			name = Debug;
		};
		F213258922A76B670082A83A /* Release */ = {
			isa = XCBuildConfiguration;
			buildSettings = {
				ASSETCATALOG_COMPILER_APPICON_NAME = AppIcon;
				CODE_SIGN_STYLE = Automatic;
				DEVELOPMENT_ASSET_PATHS = "TutorialSwiftUI/Preview\\ Content";
				DEVELOPMENT_TEAM = E296FA364F;
				ENABLE_PREVIEWS = YES;
				INFOPLIST_FILE = TutorialSwiftUI/Info.plist;
				LD_RUNPATH_SEARCH_PATHS = (
					"$(inherited)",
					"@executable_path/Frameworks",
				);
				PRODUCT_BUNDLE_IDENTIFIER = yochidros.TutorialSwiftUI;
				PRODUCT_NAME = "$(TARGET_NAME)";
				SWIFT_VERSION = 5.0;
				TARGETED_DEVICE_FAMILY = "1,2";
			};
			name = Release;
		};
		F213258B22A76B670082A83A /* Debug */ = {
			isa = XCBuildConfiguration;
			buildSettings = {
				ALWAYS_EMBED_SWIFT_STANDARD_LIBRARIES = YES;
				BUNDLE_LOADER = "$(TEST_HOST)";
				CODE_SIGN_STYLE = Automatic;
				DEVELOPMENT_TEAM = E296FA364F;
				INFOPLIST_FILE = TutorialSwiftUITests/Info.plist;
				LD_RUNPATH_SEARCH_PATHS = (
					"$(inherited)",
					"@executable_path/Frameworks",
					"@loader_path/Frameworks",
				);
				PRODUCT_BUNDLE_IDENTIFIER = yochidros.TutorialSwiftUITests;
				PRODUCT_NAME = "$(TARGET_NAME)";
				SWIFT_VERSION = 5.0;
				TARGETED_DEVICE_FAMILY = "1,2";
				TEST_HOST = "$(BUILT_PRODUCTS_DIR)/TutorialSwiftUI.app/TutorialSwiftUI";
			};
			name = Debug;
		};
		F213258C22A76B670082A83A /* Release */ = {
			isa = XCBuildConfiguration;
			buildSettings = {
				ALWAYS_EMBED_SWIFT_STANDARD_LIBRARIES = YES;
				BUNDLE_LOADER = "$(TEST_HOST)";
				CODE_SIGN_STYLE = Automatic;
				DEVELOPMENT_TEAM = E296FA364F;
				INFOPLIST_FILE = TutorialSwiftUITests/Info.plist;
				LD_RUNPATH_SEARCH_PATHS = (
					"$(inherited)",
					"@executable_path/Frameworks",
					"@loader_path/Frameworks",
				);
				PRODUCT_BUNDLE_IDENTIFIER = yochidros.TutorialSwiftUITests;
				PRODUCT_NAME = "$(TARGET_NAME)";
				SWIFT_VERSION = 5.0;
				TARGETED_DEVICE_FAMILY = "1,2";
				TEST_HOST = "$(BUILT_PRODUCTS_DIR)/TutorialSwiftUI.app/TutorialSwiftUI";
			};
			name = Release;
		};
		F213258E22A76B670082A83A /* Debug */ = {
			isa = XCBuildConfiguration;
			buildSettings = {
				ALWAYS_EMBED_SWIFT_STANDARD_LIBRARIES = YES;
				CODE_SIGN_STYLE = Automatic;
				DEVELOPMENT_TEAM = E296FA364F;
				INFOPLIST_FILE = TutorialSwiftUIUITests/Info.plist;
				LD_RUNPATH_SEARCH_PATHS = (
					"$(inherited)",
					"@executable_path/Frameworks",
					"@loader_path/Frameworks",
				);
				PRODUCT_BUNDLE_IDENTIFIER = yochidros.TutorialSwiftUIUITests;
				PRODUCT_NAME = "$(TARGET_NAME)";
				SWIFT_VERSION = 5.0;
				TARGETED_DEVICE_FAMILY = "1,2";
				TEST_TARGET_NAME = TutorialSwiftUI;
			};
			name = Debug;
		};
		F213258F22A76B670082A83A /* Release */ = {
			isa = XCBuildConfiguration;
			buildSettings = {
				ALWAYS_EMBED_SWIFT_STANDARD_LIBRARIES = YES;
				CODE_SIGN_STYLE = Automatic;
				DEVELOPMENT_TEAM = E296FA364F;
				INFOPLIST_FILE = TutorialSwiftUIUITests/Info.plist;
				LD_RUNPATH_SEARCH_PATHS = (
					"$(inherited)",
					"@executable_path/Frameworks",
					"@loader_path/Frameworks",
				);
				PRODUCT_BUNDLE_IDENTIFIER = yochidros.TutorialSwiftUIUITests;
				PRODUCT_NAME = "$(TARGET_NAME)";
				SWIFT_VERSION = 5.0;
				TARGETED_DEVICE_FAMILY = "1,2";
				TEST_TARGET_NAME = TutorialSwiftUI;
			};
			name = Release;
		};
/* End XCBuildConfiguration section */

/* Begin XCConfigurationList section */
		F213255822A76B660082A83A /* Build configuration list for PBXProject "TutorialSwiftUI" */ = {
			isa = XCConfigurationList;
			buildConfigurations = (
				F213258522A76B670082A83A /* Debug */,
				F213258622A76B670082A83A /* Release */,
			);
			defaultConfigurationIsVisible = 0;
			defaultConfigurationName = Release;
		};
		F213258722A76B670082A83A /* Build configuration list for PBXNativeTarget "TutorialSwiftUI" */ = {
			isa = XCConfigurationList;
			buildConfigurations = (
				F213258822A76B670082A83A /* Debug */,
				F213258922A76B670082A83A /* Release */,
			);
			defaultConfigurationIsVisible = 0;
			defaultConfigurationName = Release;
		};
		F213258A22A76B670082A83A /* Build configuration list for PBXNativeTarget "TutorialSwiftUITests" */ = {
			isa = XCConfigurationList;
			buildConfigurations = (
				F213258B22A76B670082A83A /* Debug */,
				F213258C22A76B670082A83A /* Release */,
			);
			defaultConfigurationIsVisible = 0;
			defaultConfigurationName = Release;
		};
		F213258D22A76B670082A83A /* Build configuration list for PBXNativeTarget "TutorialSwiftUIUITests" */ = {
			isa = XCConfigurationList;
			buildConfigurations = (
				F213258E22A76B670082A83A /* Debug */,
				F213258F22A76B670082A83A /* Release */,
			);
			defaultConfigurationIsVisible = 0;
			defaultConfigurationName = Release;
		};
/* End XCConfigurationList section */
	};
	rootObject = F213255522A76B660082A83A /* Project object */;
}
